
Microsoft Visual Studio Solution File, Format Version 12.00
# Visual Studio 15
VisualStudioVersion = 15.0.27428.2015
MinimumVisualStudioVersion = 10.0.40219.1
Project("{9A19103F-16F7-4668-BE54-9A1E7A4F7556}") = "BootShop.Common", "BootShop.Common\BootShop.Common.csproj", "{005E70DF-2EE6-4042-9389-5E69176EC04F}"
EndProject
Project("{9A19103F-16F7-4668-BE54-9A1E7A4F7556}") = "BootShop.Web.API", "BootShop.Web.API\BootShop.Web.API.csproj", "{CDA0F048-7E6A-49D9-9D5F-77B0917E1AED}"
EndProject
Project("{9A19103F-16F7-4668-BE54-9A1E7A4F7556}") = "BootShop.Service.EmailSender", "BootShop.Service.EmailSender\BootShop.Service.EmailSender.csproj", "{2BD34BDC-8F51-43F6-A27D-7B44BCD8B6B1}"
EndProject
Project("{9A19103F-16F7-4668-BE54-9A1E7A4F7556}") = "BootShop.Service.Downstream", "BootShop.Service.Downstream\BootShop.Service.Downstream.csproj", "{06654625-66F6-4F26-AC04-D1202EFCB800}"
EndProject
Global
	GlobalSection(SolutionConfigurationPlatforms) = preSolution
		Debug|Any CPU = Debug|Any CPU
		Release|Any CPU = Release|Any CPU
	EndGlobalSection
	GlobalSection(ProjectConfigurationPlatforms) = postSolution
		{005E70DF-2EE6-4042-9389-5E69176EC04F}.Debug|Any CPU.ActiveCfg = Debug|Any CPU
		{005E70DF-2EE6-4042-9389-5E69176EC04F}.Debug|Any CPU.Build.0 = Debug|Any CPU
		{005E70DF-2EE6-4042-9389-5E69176EC04F}.Release|Any CPU.ActiveCfg = Release|Any CPU
		{005E70DF-2EE6-4042-9389-5E69176EC04F}.Release|Any CPU.Build.0 = Release|Any CPU
		{CDA0F048-7E6A-49D9-9D5F-77B0917E1AED}.Debug|Any CPU.ActiveCfg = Debug|Any CPU
		{CDA0F048-7E6A-49D9-9D5F-77B0917E1AED}.Debug|Any CPU.Build.0 = Debug|Any CPU
		{CDA0F048-7E6A-49D9-9D5F-77B0917E1AED}.Release|Any CPU.ActiveCfg = Release|Any CPU
		{CDA0F048-7E6A-49D9-9D5F-77B0917E1AED}.Release|Any CPU.Build.0 = Release|Any CPU
		{2BD34BDC-8F51-43F6-A27D-7B44BCD8B6B1}.Debug|Any CPU.ActiveCfg = Debug|Any CPU
		{2BD34BDC-8F51-43F6-A27D-7B44BCD8B6B1}.Debug|Any CPU.Build.0 = Debug|Any CPU
		{2BD34BDC-8F51-43F6-A27D-7B44BCD8B6B1}.Release|Any CPU.ActiveCfg = Release|Any CPU
		{2BD34BDC-8F51-43F6-A27D-7B44BCD8B6B1}.Release|Any CPU.Build.0 = Release|Any CPU
		{06654625-66F6-4F26-AC04-D1202EFCB800}.Debug|Any CPU.ActiveCfg = Debug|Any CPU
		{06654625-66F6-4F26-AC04-D1202EFCB800}.Debug|Any CPU.Build.0 = Debug|Any CPU
		{06654625-66F6-4F26-AC04-D1202EFCB800}.Release|Any CPU.ActiveCfg = Release|Any CPU
		{06654625-66F6-4F26-AC04-D1202EFCB800}.Release|Any CPU.Build.0 = Release|Any CPU
	EndGlobalSection
	GlobalSection(SolutionProperties) = preSolution
		HideSolutionNode = FALSE
	EndGlobalSection
	GlobalSection(ExtensibilityGlobals) = postSolution
		SolutionGuid = {C8FE0CD7-8208-4163-9974-1D8AD073102C}
	EndGlobalSection
EndGlobal
